
Microsoft Visual Studio Solution File, Format Version 12.00
# Visual Studio Version 16
VisualStudioVersion = 16.0.31402.337
MinimumVisualStudioVersion = 10.0.40219.1
Project("{FAE04EC0-301F-11D3-BF4B-00C04F79EFBC}") = "Ejercicio2.Android", "Ejercicio2\Ejercicio2.Android\Ejercicio2.Android.csproj", "{CAD0C92F-A377-4C95-A19E-C920D20062E9}"
EndProject
Project("{FAE04EC0-301F-11D3-BF4B-00C04F79EFBC}") = "Ejercicio2", "Ejercicio2\Ejercicio2\Ejercicio2.csproj", "{31B56E20-B766-41EC-82D0-16264CDE1B28}"
EndProject
Global
	GlobalSection(SolutionConfigurationPlatforms) = preSolution
		Debug|Any CPU = Debug|Any CPU
		Release|Any CPU = Release|Any CPU
	EndGlobalSection
	GlobalSection(ProjectConfigurationPlatforms) = postSolution
		{CAD0C92F-A377-4C95-A19E-C920D20062E9}.Debug|Any CPU.ActiveCfg = Debug|Any CPU
		{CAD0C92F-A377-4C95-A19E-C920D20062E9}.Debug|Any CPU.Build.0 = Debug|Any CPU
		{CAD0C92F-A377-4C95-A19E-C920D20062E9}.Debug|Any CPU.Deploy.0 = Debug|Any CPU
		{CAD0C92F-A377-4C95-A19E-C920D20062E9}.Release|Any CPU.ActiveCfg = Release|Any CPU
		{CAD0C92F-A377-4C95-A19E-C920D20062E9}.Release|Any CPU.Build.0 = Release|Any CPU
		{CAD0C92F-A377-4C95-A19E-C920D20062E9}.Release|Any CPU.Deploy.0 = Release|Any CPU
		{31B56E20-B766-41EC-82D0-16264CDE1B28}.Debug|Any CPU.ActiveCfg = Debug|Any CPU
		{31B56E20-B766-41EC-82D0-16264CDE1B28}.Debug|Any CPU.Build.0 = Debug|Any CPU
		{31B56E20-B766-41EC-82D0-16264CDE1B28}.Debug|Any CPU.Deploy.0 = Debug|Any CPU
		{31B56E20-B766-41EC-82D0-16264CDE1B28}.Release|Any CPU.ActiveCfg = Release|Any CPU
		{31B56E20-B766-41EC-82D0-16264CDE1B28}.Release|Any CPU.Build.0 = Release|Any CPU
		{31B56E20-B766-41EC-82D0-16264CDE1B28}.Release|Any CPU.Deploy.0 = Release|Any CPU
	EndGlobalSection
	GlobalSection(SolutionProperties) = preSolution
		HideSolutionNode = FALSE
	EndGlobalSection
	GlobalSection(ExtensibilityGlobals) = postSolution
		SolutionGuid = {3D808975-23E2-444F-AD91-E36C76AE3218}
	EndGlobalSection
EndGlobal
